github.com/dougwatson/xbar v0.0.1 h1:pGa0AEs1qewevooxiui8rFl6s0pnwv1p1S8eFPdVoog=
github.com/dougwatson/xbar v0.0.1/go.mod h1:FsRkJamXcdb3sUATjR5QteHfu0QaHl6OTOVSr4I0z3k=
github.com/gocoderpro/easyfs v0.0.4 h1:OLhoD3q2YuO3cDGTWp7WbtDAvbJSmVvaInxuTNDWe8A=
github.com/gocoderpro/easyfs v0.0.4/go.mod h1:876j7REONjRywThd7OA+GviohYuJ5AxUnyrVShAra2A=
