github.com/dougwatson/xbar v0.0.0-20230110011032-d4efbe57a47d h1:vBBGeWr6awaJ0amxLfq/XRxlGyVzQPVeVB3YFSl+6Wo=
github.com/dougwatson/xbar v0.0.0-20230110011032-d4efbe57a47d/go.mod h1:FsRkJamXcdb3sUATjR5QteHfu0QaHl6OTOVSr4I0z3k=
github.com/dougwatson/xbar v0.0.1 h1:pGa0AEs1qewevooxiui8rFl6s0pnwv1p1S8eFPdVoog=
github.com/dougwatson/xbar v0.0.1/go.mod h1:FsRkJamXcdb3sUATjR5QteHfu0QaHl6OTOVSr4I0z3k=
